
Microsoft Visual Studio Solution File, Format Version 12.00
# Visual Studio Version 17
VisualStudioVersion = 17.8.34330.188
MinimumVisualStudioVersion = 10.0.40219.1
Project("{FAE04EC0-301F-11D3-BF4B-00C04F79EFBC}") = "GA_MethodOverloading", "GA_MethodOverloading.csproj", "{778E8DF6-8179-42C5-9856-ABD08D7FBCF4}"
EndProject
Global
	GlobalSection(SolutionConfigurationPlatforms) = preSolution
		Debug|Any CPU = Debug|Any CPU
		Release|Any CPU = Release|Any CPU
	EndGlobalSection
	GlobalSection(ProjectConfigurationPlatforms) = postSolution
		{778E8DF6-8179-42C5-9856-ABD08D7FBCF4}.Debug|Any CPU.ActiveCfg = Debug|Any CPU
		{778E8DF6-8179-42C5-9856-ABD08D7FBCF4}.Debug|Any CPU.Build.0 = Debug|Any CPU
		{778E8DF6-8179-42C5-9856-ABD08D7FBCF4}.Release|Any CPU.ActiveCfg = Release|Any CPU
		{778E8DF6-8179-42C5-9856-ABD08D7FBCF4}.Release|Any CPU.Build.0 = Release|Any CPU
	EndGlobalSection
	GlobalSection(SolutionProperties) = preSolution
		HideSolutionNode = FALSE
	EndGlobalSection
	GlobalSection(ExtensibilityGlobals) = postSolution
		SolutionGuid = {A44FB8DA-1AF4-4768-B9EA-E5E7670AD2C2}
	EndGlobalSection
EndGlobal
